// !$*UTF8*$!
{
	archiveVersion = 1;
	classes = {
	};
	objectVersion = 51;
	objects = {

/* Begin PBXBuildFile section */
		0531D7E2261A288A0031DCD9 /* SpaceVCRouter.swift in Sources */ = {isa = PBXBuildFile; fileRef = 0531D7E1261A288A0031DCD9 /* SpaceVCRouter.swift */; };
		055CF46F261A80400037320C /* Main.storyboard in Resources */ = {isa = PBXBuildFile; fileRef = 05FBFA2F2618B9D100EC5A03 /* Main.storyboard */; };
		05FBFA2A2618B9D000EC5A03 /* AppDelegate.swift in Sources */ = {isa = PBXBuildFile; fileRef = 05FBFA292618B9D000EC5A03 /* AppDelegate.swift */; };
		05FBFA2C2618B9D000EC5A03 /* SceneDelegate.swift in Sources */ = {isa = PBXBuildFile; fileRef = 05FBFA2B2618B9D000EC5A03 /* SceneDelegate.swift */; };
		05FBFA2E2618B9D100EC5A03 /* SpacesVC.swift in Sources */ = {isa = PBXBuildFile; fileRef = 05FBFA2D2618B9D100EC5A03 /* SpacesVC.swift */; };
		05FBFA332618B9D100EC5A03 /* Assets.xcassets in Resources */ = {isa = PBXBuildFile; fileRef = 05FBFA322618B9D100EC5A03 /* Assets.xcassets */; };
		05FBFA362618B9D100EC5A03 /* LaunchScreen.storyboard in Resources */ = {isa = PBXBuildFile; fileRef = 05FBFA342618B9D100EC5A03 /* LaunchScreen.storyboard */; };
		05FBFA432618BA2400EC5A03 /* User.swift in Sources */ = {isa = PBXBuildFile; fileRef = 05FBFA422618BA2400EC5A03 /* User.swift */; };
		05FBFA4C2618BB1100EC5A03 /* SpacesInteractor.swift in Sources */ = {isa = PBXBuildFile; fileRef = 05FBFA4B2618BB1100EC5A03 /* SpacesInteractor.swift */; };
		05FBFA542618BDEC00EC5A03 /* SpacePresenter.swift in Sources */ = {isa = PBXBuildFile; fileRef = 05FBFA532618BDEC00EC5A03 /* SpacePresenter.swift */; };
		05FBFA57261927E800EC5A03 /* SpacesVC+SpacesView.swift in Sources */ = {isa = PBXBuildFile; fileRef = 05FBFA56261927E800EC5A03 /* SpacesVC+SpacesView.swift */; };
		05FBFA5D26192D6300EC5A03 /* SpaceCell.swift in Sources */ = {isa = PBXBuildFile; fileRef = 05FBFA5B26192D6300EC5A03 /* SpaceCell.swift */; };
		05FBFA5E26192D6300EC5A03 /* SpaceCell.xib in Resources */ = {isa = PBXBuildFile; fileRef = 05FBFA5C26192D6300EC5A03 /* SpaceCell.xib */; };
		DF7A02B67E251EBCAE5E797B /* Pods_MVP_Demo.framework in Frameworks */ = {isa = PBXBuildFile; fileRef = 98365BAAA809A8139C2308E4 /* Pods_MVP_Demo.framework */; };
/* End PBXBuildFile section */

/* Begin PBXFileReference section */
		0531D7E1261A288A0031DCD9 /* SpaceVCRouter.swift */ = {isa = PBXFileReference; lastKnownFileType = sourcecode.swift; path = SpaceVCRouter.swift; sourceTree = "<group>"; };
		05FBFA262618B9D000EC5A03 /* MVP_Demo.app */ = {isa = PBXFileReference; explicitFileType = wrapper.application; includeInIndex = 0; path = MVP_Demo.app; sourceTree = BUILT_PRODUCTS_DIR; };
		05FBFA292618B9D000EC5A03 /* AppDelegate.swift */ = {isa = PBXFileReference; lastKnownFileType = sourcecode.swift; path = AppDelegate.swift; sourceTree = "<group>"; };
		05FBFA2B2618B9D000EC5A03 /* SceneDelegate.swift */ = {isa = PBXFileReference; lastKnownFileType = sourcecode.swift; path = SceneDelegate.swift; sourceTree = "<group>"; };
		05FBFA2D2618B9D100EC5A03 /* SpacesVC.swift */ = {isa = PBXFileReference; lastKnownFileType = sourcecode.swift; path = SpacesVC.swift; sourceTree = "<group>"; };
		05FBFA302618B9D100EC5A03 /* Base */ = {isa = PBXFileReference; lastKnownFileType = file.storyboard; name = Base; path = Base.lproj/Main.storyboard; sourceTree = "<group>"; };
		05FBFA322618B9D100EC5A03 /* Assets.xcassets */ = {isa = PBXFileReference; lastKnownFileType = folder.assetcatalog; path = Assets.xcassets; sourceTree = "<group>"; };
		05FBFA352618B9D100EC5A03 /* Base */ = {isa = PBXFileReference; lastKnownFileType = file.storyboard; name = Base; path = Base.lproj/LaunchScreen.storyboard; sourceTree = "<group>"; };
		05FBFA372618B9D200EC5A03 /* Info.plist */ = {isa = PBXFileReference; lastKnownFileType = text.plist.xml; path = Info.plist; sourceTree = "<group>"; };
		05FBFA422618BA2400EC5A03 /* User.swift */ = {isa = PBXFileReference; lastKnownFileType = sourcecode.swift; path = User.swift; sourceTree = "<group>"; };
		05FBFA4B2618BB1100EC5A03 /* SpacesInteractor.swift */ = {isa = PBXFileReference; lastKnownFileType = sourcecode.swift; path = SpacesInteractor.swift; sourceTree = "<group>"; };
		05FBFA532618BDEC00EC5A03 /* SpacePresenter.swift */ = {isa = PBXFileReference; lastKnownFileType = sourcecode.swift; path = SpacePresenter.swift; sourceTree = "<group>"; };
		05FBFA56261927E800EC5A03 /* SpacesVC+SpacesView.swift */ = {isa = PBXFileReference; lastKnownFileType = sourcecode.swift; path = "SpacesVC+SpacesView.swift"; sourceTree = "<group>"; };
		05FBFA5B26192D6300EC5A03 /* SpaceCell.swift */ = {isa = PBXFileReference; lastKnownFileType = sourcecode.swift; path = SpaceCell.swift; sourceTree = "<group>"; };
		05FBFA5C26192D6300EC5A03 /* SpaceCell.xib */ = {isa = PBXFileReference; lastKnownFileType = file.xib; path = SpaceCell.xib; sourceTree = "<group>"; };
		61017A753960F05F85242567 /* Pods-MVP_Demo.debug.xcconfig */ = {isa = PBXFileReference; includeInIndex = 1; lastKnownFileType = text.xcconfig; name = "Pods-MVP_Demo.debug.xcconfig"; path = "Target Support Files/Pods-MVP_Demo/Pods-MVP_Demo.debug.xcconfig"; sourceTree = "<group>"; };
		98365BAAA809A8139C2308E4 /* Pods_MVP_Demo.framework */ = {isa = PBXFileReference; explicitFileType = wrapper.framework; includeInIndex = 0; path = Pods_MVP_Demo.framework; sourceTree = BUILT_PRODUCTS_DIR; };
		E52C63CBD2625F672A97BF9A /* Pods-MVP_Demo.release.xcconfig */ = {isa = PBXFileReference; includeInIndex = 1; lastKnownFileType = text.xcconfig; name = "Pods-MVP_Demo.release.xcconfig"; path = "Target Support Files/Pods-MVP_Demo/Pods-MVP_Demo.release.xcconfig"; sourceTree = "<group>"; };
/* End PBXFileReference section */

/* Begin PBXFrameworksBuildPhase section */
		05FBFA232618B9D000EC5A03 /* Frameworks */ = {
			isa = PBXFrameworksBuildPhase;
			buildActionMask = 2147483647;
			files = (
				DF7A02B67E251EBCAE5E797B /* Pods_MVP_Demo.framework in Frameworks */,
			);
			runOnlyForDeploymentPostprocessing = 0;
		};
/* End PBXFrameworksBuildPhase section */

/* Begin PBXGroup section */
		0531D7E0261A28690031DCD9 /* Router */ = {
			isa = PBXGroup;
			children = (
				0531D7E1261A288A0031DCD9 /* SpaceVCRouter.swift */,
			);
			path = Router;
			sourceTree = "<group>";
		};
		05FBFA1D2618B9D000EC5A03 = {
			isa = PBXGroup;
			children = (
				05FBFA282618B9D000EC5A03 /* MVP_Demo */,
				05FBFA272618B9D000EC5A03 /* Products */,
				2CBB747886EE16237187FAF7 /* Pods */,
				0DCCD06B17F9A65B2D92511E /* Frameworks */,
			);
			sourceTree = "<group>";
		};
		05FBFA272618B9D000EC5A03 /* Products */ = {
			isa = PBXGroup;
			children = (
				05FBFA262618B9D000EC5A03 /* MVP_Demo.app */,
			);
			name = Products;
			sourceTree = "<group>";
		};
		05FBFA282618B9D000EC5A03 /* MVP_Demo */ = {
			isa = PBXGroup;
			children = (
				05FBFA412618BA1700EC5A03 /* Model */,
				05FBFA402618BA0400EC5A03 /* StoryBoard */,
				05FBFA3F2618B9F000EC5A03 /* Core */,
				05FBFA3E2618B9E000EC5A03 /* Scenes */,
				05FBFA322618B9D100EC5A03 /* Assets.xcassets */,
				05FBFA372618B9D200EC5A03 /* Info.plist */,
			);
			path = MVP_Demo;
			sourceTree = "<group>";
		};
		05FBFA3E2618B9E000EC5A03 /* Scenes */ = {
			isa = PBXGroup;
			children = (
				0531D7E0261A28690031DCD9 /* Router */,
				05FBFA482618BA9E00EC5A03 /* Spaces */,
				05FBFA5A26192D3400EC5A03 /* Cells */,
				05FBFA472618BA8A00EC5A03 /* Interactor */,
				05FBFA462618BA7E00EC5A03 /* Presenter */,
			);
			path = Scenes;
			sourceTree = "<group>";
		};
		05FBFA3F2618B9F000EC5A03 /* Core */ = {
			isa = PBXGroup;
			children = (
				05FBFA342618B9D100EC5A03 /* LaunchScreen.storyboard */,
				05FBFA2B2618B9D000EC5A03 /* SceneDelegate.swift */,
				05FBFA292618B9D000EC5A03 /* AppDelegate.swift */,
			);
			path = Core;
			sourceTree = "<group>";
		};
		05FBFA402618BA0400EC5A03 /* StoryBoard */ = {
			isa = PBXGroup;
			children = (
				05FBFA2F2618B9D100EC5A03 /* Main.storyboard */,
			);
			path = StoryBoard;
			sourceTree = "<group>";
		};
		05FBFA412618BA1700EC5A03 /* Model */ = {
			isa = PBXGroup;
			children = (
				05FBFA422618BA2400EC5A03 /* User.swift */,
			);
			path = Model;
			sourceTree = "<group>";
		};
		05FBFA462618BA7E00EC5A03 /* Presenter */ = {
			isa = PBXGroup;
			children = (
				05FBFA532618BDEC00EC5A03 /* SpacePresenter.swift */,
			);
			path = Presenter;
			sourceTree = "<group>";
		};
		05FBFA472618BA8A00EC5A03 /* Interactor */ = {
			isa = PBXGroup;
			children = (
				05FBFA4B2618BB1100EC5A03 /* SpacesInteractor.swift */,
			);
			path = Interactor;
			sourceTree = "<group>";
		};
		05FBFA482618BA9E00EC5A03 /* Spaces */ = {
			isa = PBXGroup;
			children = (
				05FBFA2D2618B9D100EC5A03 /* SpacesVC.swift */,
				05FBFA56261927E800EC5A03 /* SpacesVC+SpacesView.swift */,
			);
			path = Spaces;
			sourceTree = "<group>";
		};
		05FBFA5A26192D3400EC5A03 /* Cells */ = {
			isa = PBXGroup;
			children = (
				05FBFA5B26192D6300EC5A03 /* SpaceCell.swift */,
				05FBFA5C26192D6300EC5A03 /* SpaceCell.xib */,
			);
			path = Cells;
			sourceTree = "<group>";
		};
		0DCCD06B17F9A65B2D92511E /* Frameworks */ = {
			isa = PBXGroup;
			children = (
				98365BAAA809A8139C2308E4 /* Pods_MVP_Demo.framework */,
			);
			name = Frameworks;
			sourceTree = "<group>";
		};
		2CBB747886EE16237187FAF7 /* Pods */ = {
			isa = PBXGroup;
			children = (
				61017A753960F05F85242567 /* Pods-MVP_Demo.debug.xcconfig */,
				E52C63CBD2625F672A97BF9A /* Pods-MVP_Demo.release.xcconfig */,
			);
			path = Pods;
			sourceTree = "<group>";
		};
/* End PBXGroup section */

/* Begin PBXNativeTarget section */
		05FBFA252618B9D000EC5A03 /* MVP_Demo */ = {
			isa = PBXNativeTarget;
			buildConfigurationList = 05FBFA3A2618B9D200EC5A03 /* Build configuration list for PBXNativeTarget "MVP_Demo" */;
			buildPhases = (
				3CA34A94EBC283584A08C806 /* [CP] Check Pods Manifest.lock */,
				05FBFA222618B9D000EC5A03 /* Sources */,
				05FBFA232618B9D000EC5A03 /* Frameworks */,
				05FBFA242618B9D000EC5A03 /* Resources */,
				65B661FD9EFC634692B013DF /* [CP] Embed Pods Frameworks */,
			);
			buildRules = (
			);
			dependencies = (
			);
			name = MVP_Demo;
			productName = MVP_Demo;
			productReference = 05FBFA262618B9D000EC5A03 /* MVP_Demo.app */;
			productType = "com.apple.product-type.application";
		};
/* End PBXNativeTarget section */

/* Begin PBXProject section */
		05FBFA1E2618B9D000EC5A03 /* Project object */ = {
			isa = PBXProject;
			attributes = {
				LastSwiftUpdateCheck = 1220;
				LastUpgradeCheck = 1220;
				TargetAttributes = {
					05FBFA252618B9D000EC5A03 = {
						CreatedOnToolsVersion = 12.2;
					};
				};
			};
			buildConfigurationList = 05FBFA212618B9D000EC5A03 /* Build configuration list for PBXProject "MVP_Demo" */;
			compatibilityVersion = "Xcode 9.3";
			developmentRegion = en;
			hasScannedForEncodings = 0;
			knownRegions = (
				en,
				Base,
			);
			mainGroup = 05FBFA1D2618B9D000EC5A03;
			productRefGroup = 05FBFA272618B9D000EC5A03 /* Products */;
			projectDirPath = "";
			projectRoot = "";
			targets = (
				05FBFA252618B9D000EC5A03 /* MVP_Demo */,
			);
		};
/* End PBXProject section */

/* Begin PBXResourcesBuildPhase section */
		05FBFA242618B9D000EC5A03 /* Resources */ = {
			isa = PBXResourcesBuildPhase;
			buildActionMask = 2147483647;
			files = (
				05FBFA362618B9D100EC5A03 /* LaunchScreen.storyboard in Resources */,
				05FBFA332618B9D100EC5A03 /* Assets.xcassets in Resources */,
				05FBFA5E26192D6300EC5A03 /* SpaceCell.xib in Resources */,
				055CF46F261A80400037320C /* Main.storyboard in Resources */,
			);
			runOnlyForDeploymentPostprocessing = 0;
		};
/* End PBXResourcesBuildPhase section */

/* Begin PBXShellScriptBuildPhase section */
		3CA34A94EBC283584A08C806 /* [CP] Check Pods Manifest.lock */ = {
			isa = PBXShellScriptBuildPhase;
			buildActionMask = 2147483647;
			files = (
			);
			inputFileListPaths = (
			);
			inputPaths = (
				"${PODS_PODFILE_DIR_PATH}/Podfile.lock",
				"${PODS_ROOT}/Manifest.lock",
			);
			name = "[CP] Check Pods Manifest.lock";
			outputFileListPaths = (
			);
			outputPaths = (
				"$(DERIVED_FILE_DIR)/Pods-MVP_Demo-checkManifestLockResult.txt",
			);
			runOnlyForDeploymentPostprocessing = 0;
			shellPath = /bin/sh;
			shellScript = "diff \"${PODS_PODFILE_DIR_PATH}/Podfile.lock\" \"${PODS_ROOT}/Manifest.lock\" > /dev/null\nif [ $? != 0 ] ; then\n    # print error to STDERR\n    echo \"error: The sandbox is not in sync with the Podfile.lock. Run 'pod install' or update your CocoaPods installation.\" >&2\n    exit 1\nfi\n# This output is used by Xcode 'outputs' to avoid re-running this script phase.\necho \"SUCCESS\" > \"${SCRIPT_OUTPUT_FILE_0}\"\n";
			showEnvVarsInLog = 0;
		};
		65B661FD9EFC634692B013DF /* [CP] Embed Pods Frameworks */ = {
			isa = PBXShellScriptBuildPhase;
			buildActionMask = 2147483647;
			files = (
			);
			inputFileListPaths = (
				"${PODS_ROOT}/Target Support Files/Pods-MVP_Demo/Pods-MVP_Demo-frameworks-${CONFIGURATION}-input-files.xcfilelist",
			);
			name = "[CP] Embed Pods Frameworks";
			outputFileListPaths = (
				"${PODS_ROOT}/Target Support Files/Pods-MVP_Demo/Pods-MVP_Demo-frameworks-${CONFIGURATION}-output-files.xcfilelist",
			);
			runOnlyForDeploymentPostprocessing = 0;
			shellPath = /bin/sh;
			shellScript = "\"${PODS_ROOT}/Target Support Files/Pods-MVP_Demo/Pods-MVP_Demo-frameworks.sh\"\n";
			showEnvVarsInLog = 0;
		};
/* End PBXShellScriptBuildPhase section */

/* Begin PBXSourcesBuildPhase section */
		05FBFA222618B9D000EC5A03 /* Sources */ = {
			isa = PBXSourcesBuildPhase;
			buildActionMask = 2147483647;
			files = (
				05FBFA432618BA2400EC5A03 /* User.swift in Sources */,
				05FBFA4C2618BB1100EC5A03 /* SpacesInteractor.swift in Sources */,
				05FBFA57261927E800EC5A03 /* SpacesVC+SpacesView.swift in Sources */,
				05FBFA2E2618B9D100EC5A03 /* SpacesVC.swift in Sources */,
				05FBFA542618BDEC00EC5A03 /* SpacePresenter.swift in Sources */,
				05FBFA2A2618B9D000EC5A03 /* AppDelegate.swift in Sources */,
				05FBFA5D26192D6300EC5A03 /* SpaceCell.swift in Sources */,
				05FBFA2C2618B9D000EC5A03 /* SceneDelegate.swift in Sources */,
				0531D7E2261A288A0031DCD9 /* SpaceVCRouter.swift in Sources */,
			);
			runOnlyForDeploymentPostprocessing = 0;
		};
/* End PBXSourcesBuildPhase section */

/* Begin PBXVariantGroup section */
		05FBFA2F2618B9D100EC5A03 /* Main.storyboard */ = {
			isa = PBXVariantGroup;
			children = (
				05FBFA302618B9D100EC5A03 /* Base */,
			);
			name = Main.storyboard;
			sourceTree = "<group>";
		};
		05FBFA342618B9D100EC5A03 /* LaunchScreen.storyboard */ = {
			isa = PBXVariantGroup;
			children = (
				05FBFA352618B9D100EC5A03 /* Base */,
			);
			name = LaunchScreen.storyboard;
			sourceTree = "<group>";
		};
/* End PBXVariantGroup section */

/* Begin XCBuildConfiguration section */
		05FBFA382618B9D200EC5A03 /* Debug */ = {
			isa = XCBuildConfiguration;
			buildSettings = {
				ALWAYS_SEARCH_USER_PATHS = NO;
				CLANG_ANALYZER_NONNULL = YES;
				CLANG_ANALYZER_NUMBER_OBJECT_CONVERSION = YES_AGGRESSIVE;
				CLANG_CXX_LANGUAGE_STANDARD = "gnu++14";
				CLANG_CXX_LIBRARY = "libc++";
				CLANG_ENABLE_MODULES = YES;
				CLANG_ENABLE_OBJC_ARC = YES;
				CLANG_ENABLE_OBJC_WEAK = YES;
				CLANG_WARN_BLOCK_CAPTURE_AUTORELEASING = YES;
				CLANG_WARN_BOOL_CONVERSION = YES;
				CLANG_WARN_COMMA = YES;
				CLANG_WARN_CONSTANT_CONVERSION = YES;
				CLANG_WARN_DEPRECATED_OBJC_IMPLEMENTATIONS = YES;
				CLANG_WARN_DIRECT_OBJC_ISA_USAGE = YES_ERROR;
				CLANG_WARN_DOCUMENTATION_COMMENTS = YES;
				CLANG_WARN_EMPTY_BODY = YES;
				CLANG_WARN_ENUM_CONVERSION = YES;
				CLANG_WARN_INFINITE_RECURSION = YES;
				CLANG_WARN_INT_CONVERSION = YES;
				CLANG_WARN_NON_LITERAL_NULL_CONVERSION = YES;
				CLANG_WARN_OBJC_IMPLICIT_RETAIN_SELF = YES;
				CLANG_WARN_OBJC_LITERAL_CONVERSION = YES;
				CLANG_WARN_OBJC_ROOT_CLASS = YES_ERROR;
				CLANG_WARN_QUOTED_INCLUDE_IN_FRAMEWORK_HEADER = YES;
				CLANG_WARN_RANGE_LOOP_ANALYSIS = YES;
				CLANG_WARN_STRICT_PROTOTYPES = YES;
				CLANG_WARN_SUSPICIOUS_MOVE = YES;
				CLANG_WARN_UNGUARDED_AVAILABILITY = YES_AGGRESSIVE;
				CLANG_WARN_UNREACHABLE_CODE = YES;
				CLANG_WARN__DUPLICATE_METHOD_MATCH = YES;
				COPY_PHASE_STRIP = NO;
				DEBUG_INFORMATION_FORMAT = dwarf;
				ENABLE_STRICT_OBJC_MSGSEND = YES;
				ENABLE_TESTABILITY = YES;
				GCC_C_LANGUAGE_STANDARD = gnu11;
				GCC_DYNAMIC_NO_PIC = NO;
				GCC_NO_COMMON_BLOCKS = YES;
				GCC_OPTIMIZATION_LEVEL = 0;
				GCC_PREPROCESSOR_DEFINITIONS = (
					"DEBUG=1",
					"$(inherited)",
				);
				GCC_WARN_64_TO_32_BIT_CONVERSION = YES;
				GCC_WARN_ABOUT_RETURN_TYPE = YES_ERROR;
				GCC_WARN_UNDECLARED_SELECTOR = YES;
				GCC_WARN_UNINITIALIZED_AUTOS = YES_AGGRESSIVE;
				GCC_WARN_UNUSED_FUNCTION = YES;
				GCC_WARN_UNUSED_VARIABLE = YES;
				IPHONEOS_DEPLOYMENT_TARGET = 14.2;
				MTL_ENABLE_DEBUG_INFO = INCLUDE_SOURCE;
				MTL_FAST_MATH = YES;
				ONLY_ACTIVE_ARCH = YES;
				SDKROOT = iphoneos;
				SWIFT_ACTIVE_COMPILATION_CONDITIONS = DEBUG;
				SWIFT_OPTIMIZATION_LEVEL = "-Onone";
			};
			name = Debug;
		};
		05FBFA392618B9D200EC5A03 /* Release */ = {
			isa = XCBuildConfiguration;
			buildSettings = {
				ALWAYS_SEARCH_USER_PATHS = NO;
				CLANG_ANALYZER_NONNULL = YES;
				CLANG_ANALYZER_NUMBER_OBJECT_CONVERSION = YES_AGGRESSIVE;
				CLANG_CXX_LANGUAGE_STANDARD = "gnu++14";
				CLANG_CXX_LIBRARY = "libc++";
				CLANG_ENABLE_MODULES = YES;
				CLANG_ENABLE_OBJC_ARC = YES;
				CLANG_ENABLE_OBJC_WEAK = YES;
				CLANG_WARN_BLOCK_CAPTURE_AUTORELEASING = YES;
				CLANG_WARN_BOOL_CONVERSION = YES;
				CLANG_WARN_COMMA = YES;
				CLANG_WARN_CONSTANT_CONVERSION = YES;
				CLANG_WARN_DEPRECATED_OBJC_IMPLEMENTATIONS = YES;
				CLANG_WARN_DIRECT_OBJC_ISA_USAGE = YES_ERROR;
				CLANG_WARN_DOCUMENTATION_COMMENTS = YES;
				CLANG_WARN_EMPTY_BODY = YES;
				CLANG_WARN_ENUM_CONVERSION = YES;
				CLANG_WARN_INFINITE_RECURSION = YES;
				CLANG_WARN_INT_CONVERSION = YES;
				CLANG_WARN_NON_LITERAL_NULL_CONVERSION = YES;
				CLANG_WARN_OBJC_IMPLICIT_RETAIN_SELF = YES;
				CLANG_WARN_OBJC_LITERAL_CONVERSION = YES;
				CLANG_WARN_OBJC_ROOT_CLASS = YES_ERROR;
				CLANG_WARN_QUOTED_INCLUDE_IN_FRAMEWORK_HEADER = YES;
				CLANG_WARN_RANGE_LOOP_ANALYSIS = YES;
				CLANG_WARN_STRICT_PROTOTYPES = YES;
				CLANG_WARN_SUSPICIOUS_MOVE = YES;
				CLANG_WARN_UNGUARDED_AVAILABILITY = YES_AGGRESSIVE;
				CLANG_WARN_UNREACHABLE_CODE = YES;
				CLANG_WARN__DUPLICATE_METHOD_MATCH = YES;
				COPY_PHASE_STRIP = NO;
				DEBUG_INFORMATION_FORMAT = "dwarf-with-dsym";
				ENABLE_NS_ASSERTIONS = NO;
				ENABLE_STRICT_OBJC_MSGSEND = YES;
				GCC_C_LANGUAGE_STANDARD = gnu11;
				GCC_NO_COMMON_BLOCKS = YES;
				GCC_WARN_64_TO_32_BIT_CONVERSION = YES;
				GCC_WARN_ABOUT_RETURN_TYPE = YES_ERROR;
				GCC_WARN_UNDECLARED_SELECTOR = YES;
				GCC_WARN_UNINITIALIZED_AUTOS = YES_AGGRESSIVE;
				GCC_WARN_UNUSED_FUNCTION = YES;
				GCC_WARN_UNUSED_VARIABLE = YES;
				IPHONEOS_DEPLOYMENT_TARGET = 14.2;
				MTL_ENABLE_DEBUG_INFO = NO;
				MTL_FAST_MATH = YES;
				SDKROOT = iphoneos;
				SWIFT_COMPILATION_MODE = wholemodule;
				SWIFT_OPTIMIZATION_LEVEL = "-O";
				VALIDATE_PRODUCT = YES;
			};
			name = Release;
		};
		05FBFA3B2618B9D200EC5A03 /* Debug */ = {
			isa = XCBuildConfiguration;
			baseConfigurationReference = 61017A753960F05F85242567 /* Pods-MVP_Demo.debug.xcconfig */;
			buildSettings = {
				ASSETCATALOG_COMPILER_APPICON_NAME = AppIcon;
				ASSETCATALOG_COMPILER_GLOBAL_ACCENT_COLOR_NAME = AccentColor;
				CODE_SIGN_STYLE = Automatic;
				INFOPLIST_FILE = MVP_Demo/Info.plist;
				LD_RUNPATH_SEARCH_PATHS = (
					"$(inherited)",
					"@executable_path/Frameworks",
				);
				PRODUCT_BUNDLE_IDENTIFIER = "mosaber7.MVP-Demo";
				PRODUCT_NAME = "$(TARGET_NAME)";
				SWIFT_VERSION = 5.0;
				TARGETED_DEVICE_FAMILY = "1,2";
			};
			name = Debug;
		};
		05FBFA3C2618B9D200EC5A03 /* Release */ = {
			isa = XCBuildConfiguration;
			baseConfigurationReference = E52C63CBD2625F672A97BF9A /* Pods-MVP_Demo.release.xcconfig */;
			buildSettings = {
				ASSETCATALOG_COMPILER_APPICON_NAME = AppIcon;
				ASSETCATALOG_COMPILER_GLOBAL_ACCENT_COLOR_NAME = AccentColor;
				CODE_SIGN_STYLE = Automatic;
				INFOPLIST_FILE = MVP_Demo/Info.plist;
				LD_RUNPATH_SEARCH_PATHS = (
					"$(inherited)",
					"@executable_path/Frameworks",
				);
				PRODUCT_BUNDLE_IDENTIFIER = "mosaber7.MVP-Demo";
				PRODUCT_NAME = "$(TARGET_NAME)";
				SWIFT_VERSION = 5.0;
				TARGETED_DEVICE_FAMILY = "1,2";
			};
			name = Release;
		};
/* End XCBuildConfiguration section */

/* Begin XCConfigurationList section */
		05FBFA212618B9D000EC5A03 /* Build configuration list for PBXProject "MVP_Demo" */ = {
			isa = XCConfigurationList;
			buildConfigurations = (
				05FBFA382618B9D200EC5A03 /* Debug */,
				05FBFA392618B9D200EC5A03 /* Release */,
			);
			defaultConfigurationIsVisible = 0;
			defaultConfigurationName = Release;
		};
		05FBFA3A2618B9D200EC5A03 /* Build configuration list for PBXNativeTarget "MVP_Demo" */ = {
			isa = XCConfigurationList;
			buildConfigurations = (
				05FBFA3B2618B9D200EC5A03 /* Debug */,
				05FBFA3C2618B9D200EC5A03 /* Release */,
			);
			defaultConfigurationIsVisible = 0;
			defaultConfigurationName = Release;
		};
/* End XCConfigurationList section */
	};
	rootObject = 05FBFA1E2618B9D000EC5A03 /* Project object */;
}
